
Microsoft Visual Studio Solution File, Format Version 12.00
# Visual Studio Version 17
VisualStudioVersion = 17.5.33627.172
MinimumVisualStudioVersion = 10.0.40219.1
Project("{9A19103F-16F7-4668-BE54-9A1E7A4F7556}") = "MyBusiness", "MyBusiness\MyBusiness.csproj", "{A921747F-6672-4C28-A3CD-746F9AA49B86}"
EndProject
Project("{FAE04EC0-301F-11D3-BF4B-00C04F79EFBC}") = "App", "App\App.csproj", "{87C134DF-4637-4D6A-801C-AA44D2CCA0D5}"
EndProject
Global
	GlobalSection(SolutionConfigurationPlatforms) = preSolution
		Debug|Any CPU = Debug|Any CPU
		Release|Any CPU = Release|Any CPU
	EndGlobalSection
	GlobalSection(ProjectConfigurationPlatforms) = postSolution
		{A921747F-6672-4C28-A3CD-746F9AA49B86}.Debug|Any CPU.ActiveCfg = Debug|Any CPU
		{A921747F-6672-4C28-A3CD-746F9AA49B86}.Debug|Any CPU.Build.0 = Debug|Any CPU
		{A921747F-6672-4C28-A3CD-746F9AA49B86}.Release|Any CPU.ActiveCfg = Release|Any CPU
		{A921747F-6672-4C28-A3CD-746F9AA49B86}.Release|Any CPU.Build.0 = Release|Any CPU
		{87C134DF-4637-4D6A-801C-AA44D2CCA0D5}.Debug|Any CPU.ActiveCfg = Debug|Any CPU
		{87C134DF-4637-4D6A-801C-AA44D2CCA0D5}.Debug|Any CPU.Build.0 = Debug|Any CPU
		{87C134DF-4637-4D6A-801C-AA44D2CCA0D5}.Release|Any CPU.ActiveCfg = Release|Any CPU
		{87C134DF-4637-4D6A-801C-AA44D2CCA0D5}.Release|Any CPU.Build.0 = Release|Any CPU
	EndGlobalSection
	GlobalSection(SolutionProperties) = preSolution
		HideSolutionNode = FALSE
	EndGlobalSection
	GlobalSection(ExtensibilityGlobals) = postSolution
		SolutionGuid = {24253E82-2C80-4DF0-AE5E-B091C03251B4}
	EndGlobalSection
EndGlobal
